// !$*UTF8*$!
{
	archiveVersion = 1;
	classes = {
	};
	objectVersion = 77;
	objects = {

/* Begin PBXContainerItemProxy section */
		665BF19F2DB631CB00911965 /* PBXContainerItemProxy */ = {
			isa = PBXContainerItemProxy;
			containerPortal = 665BF1862DB631CA00911965 /* Project object */;
			proxyType = 1;
			remoteGlobalIDString = 665BF18D2DB631CA00911965;
			remoteInfo = MyMovies;
		};
		665BF1A92DB631CB00911965 /* PBXContainerItemProxy */ = {
			isa = PBXContainerItemProxy;
			containerPortal = 665BF1862DB631CA00911965 /* Project object */;
			proxyType = 1;
			remoteGlobalIDString = 665BF18D2DB631CA00911965;
			remoteInfo = MyMovies;
		};
/* End PBXContainerItemProxy section */

/* Begin PBXFileReference section */
		665BF18E2DB631CA00911965 /* MyMovies.app */ = {isa = PBXFileReference; explicitFileType = wrapper.application; includeInIndex = 0; path = MyMovies.app; sourceTree = BUILT_PRODUCTS_DIR; };
		665BF19E2DB631CB00911965 /* MyMoviesTests.xctest */ = {isa = PBXFileReference; explicitFileType = wrapper.cfbundle; includeInIndex = 0; path = MyMoviesTests.xctest; sourceTree = BUILT_PRODUCTS_DIR; };
		665BF1A82DB631CB00911965 /* MyMoviesUITests.xctest */ = {isa = PBXFileReference; explicitFileType = wrapper.cfbundle; includeInIndex = 0; path = MyMoviesUITests.xctest; sourceTree = BUILT_PRODUCTS_DIR; };
/* End PBXFileReference section */

/* Begin PBXFileSystemSynchronizedBuildFileExceptionSet section */
		665BF1D82DB6327000911965 /* Exceptions for "MyMovies" folder in "MyMoviesTests" target */ = {
			isa = PBXFileSystemSynchronizedBuildFileExceptionSet;
			membershipExceptions = (
				Service/EndPoint/OAEndPoint.swift,
				"Service/EndPoint/OAEndPoint+Body.swift",
				"Service/EndPoint/OAEndPoint+Header.swift",
				"Service/EndPoint/OAEndPoint+URL.swift",
				Service/OANetworkService.swift,
				Service/OANetworkServiceProtocol.swift,
			);
			target = 665BF19D2DB631CB00911965 /* MyMoviesTests */;
		};
		665BF1D92DB6327000911965 /* Exceptions for "MyMovies" folder in "MyMoviesUITests" target */ = {
			isa = PBXFileSystemSynchronizedBuildFileExceptionSet;
			membershipExceptions = (
				Service/EndPoint/OAEndPoint.swift,
				"Service/EndPoint/OAEndPoint+Body.swift",
				"Service/EndPoint/OAEndPoint+Header.swift",
				"Service/EndPoint/OAEndPoint+URL.swift",
				Service/OANetworkService.swift,
				Service/OANetworkServiceProtocol.swift,
			);
			target = 665BF1A72DB631CB00911965 /* MyMoviesUITests */;
		};
/* End PBXFileSystemSynchronizedBuildFileExceptionSet section */

/* Begin PBXFileSystemSynchronizedRootGroup section */
		665BF1902DB631CA00911965 /* MyMovies */ = {
			isa = PBXFileSystemSynchronizedRootGroup;
			exceptions = (
				665BF1D82DB6327000911965 /* Exceptions for "MyMovies" folder in "MyMoviesTests" target */,
				665BF1D92DB6327000911965 /* Exceptions for "MyMovies" folder in "MyMoviesUITests" target */,
			);
			path = MyMovies;
			sourceTree = "<group>";
		};
		665BF1A12DB631CB00911965 /* MyMoviesTests */ = {
			isa = PBXFileSystemSynchronizedRootGroup;
			path = MyMoviesTests;
			sourceTree = "<group>";
		};
		665BF1AB2DB631CB00911965 /* MyMoviesUITests */ = {
			isa = PBXFileSystemSynchronizedRootGroup;
			path = MyMoviesUITests;
			sourceTree = "<group>";
		};
/* End PBXFileSystemSynchronizedRootGroup section */

/* Begin PBXFrameworksBuildPhase section */
		665BF18B2DB631CA00911965 /* Frameworks */ = {
			isa = PBXFrameworksBuildPhase;
			buildActionMask = 2147483647;
			files = (
			);
			runOnlyForDeploymentPostprocessing = 0;
		};
		665BF19B2DB631CB00911965 /* Frameworks */ = {
			isa = PBXFrameworksBuildPhase;
			buildActionMask = 2147483647;
			files = (
			);
			runOnlyForDeploymentPostprocessing = 0;
		};
		665BF1A52DB631CB00911965 /* Frameworks */ = {
			isa = PBXFrameworksBuildPhase;
			buildActionMask = 2147483647;
			files = (
			);
			runOnlyForDeploymentPostprocessing = 0;
		};
/* End PBXFrameworksBuildPhase section */

/* Begin PBXGroup section */
		665BF1852DB631CA00911965 = {
			isa = PBXGroup;
			children = (
				665BF1902DB631CA00911965 /* MyMovies */,
				665BF1A12DB631CB00911965 /* MyMoviesTests */,
				665BF1AB2DB631CB00911965 /* MyMoviesUITests */,
				665BF18F2DB631CA00911965 /* Products */,
			);
			sourceTree = "<group>";
		};
		665BF18F2DB631CA00911965 /* Products */ = {
			isa = PBXGroup;
			children = (
				665BF18E2DB631CA00911965 /* MyMovies.app */,
				665BF19E2DB631CB00911965 /* MyMoviesTests.xctest */,
				665BF1A82DB631CB00911965 /* MyMoviesUITests.xctest */,
			);
			name = Products;
			sourceTree = "<group>";
		};
/* End PBXGroup section */

/* Begin PBXNativeTarget section */
		665BF18D2DB631CA00911965 /* MyMovies */ = {
			isa = PBXNativeTarget;
			buildConfigurationList = 665BF1B22DB631CB00911965 /* Build configuration list for PBXNativeTarget "MyMovies" */;
			buildPhases = (
				665BF18A2DB631CA00911965 /* Sources */,
				665BF18B2DB631CA00911965 /* Frameworks */,
				665BF18C2DB631CA00911965 /* Resources */,
			);
			buildRules = (
			);
			dependencies = (
			);
			fileSystemSynchronizedGroups = (
				665BF1902DB631CA00911965 /* MyMovies */,
			);
			name = MyMovies;
			packageProductDependencies = (
			);
			productName = MyMovies;
			productReference = 665BF18E2DB631CA00911965 /* MyMovies.app */;
			productType = "com.apple.product-type.application";
		};
		665BF19D2DB631CB00911965 /* MyMoviesTests */ = {
			isa = PBXNativeTarget;
			buildConfigurationList = 665BF1B52DB631CB00911965 /* Build configuration list for PBXNativeTarget "MyMoviesTests" */;
			buildPhases = (
				665BF19A2DB631CB00911965 /* Sources */,
				665BF19B2DB631CB00911965 /* Frameworks */,
				665BF19C2DB631CB00911965 /* Resources */,
			);
			buildRules = (
			);
			dependencies = (
				665BF1A02DB631CB00911965 /* PBXTargetDependency */,
			);
			fileSystemSynchronizedGroups = (
				665BF1A12DB631CB00911965 /* MyMoviesTests */,
			);
			name = MyMoviesTests;
			packageProductDependencies = (
			);
			productName = MyMoviesTests;
			productReference = 665BF19E2DB631CB00911965 /* MyMoviesTests.xctest */;
			productType = "com.apple.product-type.bundle.unit-test";
		};
		665BF1A72DB631CB00911965 /* MyMoviesUITests */ = {
			isa = PBXNativeTarget;
			buildConfigurationList = 665BF1B82DB631CB00911965 /* Build configuration list for PBXNativeTarget "MyMoviesUITests" */;
			buildPhases = (
				665BF1A42DB631CB00911965 /* Sources */,
				665BF1A52DB631CB00911965 /* Frameworks */,
				665BF1A62DB631CB00911965 /* Resources */,
			);
			buildRules = (
			);
			dependencies = (
				665BF1AA2DB631CB00911965 /* PBXTargetDependency */,
			);
			fileSystemSynchronizedGroups = (
				665BF1AB2DB631CB00911965 /* MyMoviesUITests */,
			);
			name = MyMoviesUITests;
			packageProductDependencies = (
			);
			productName = MyMoviesUITests;
			productReference = 665BF1A82DB631CB00911965 /* MyMoviesUITests.xctest */;
			productType = "com.apple.product-type.bundle.ui-testing";
		};
/* End PBXNativeTarget section */

/* Begin PBXProject section */
		665BF1862DB631CA00911965 /* Project object */ = {
			isa = PBXProject;
			attributes = {
				BuildIndependentTargetsInParallel = 1;
				LastSwiftUpdateCheck = 1620;
				LastUpgradeCheck = 1620;
				TargetAttributes = {
					665BF18D2DB631CA00911965 = {
						CreatedOnToolsVersion = 16.2;
					};
					665BF19D2DB631CB00911965 = {
						CreatedOnToolsVersion = 16.2;
						TestTargetID = 665BF18D2DB631CA00911965;
					};
					665BF1A72DB631CB00911965 = {
						CreatedOnToolsVersion = 16.2;
						TestTargetID = 665BF18D2DB631CA00911965;
					};
				};
			};
			buildConfigurationList = 665BF1892DB631CA00911965 /* Build configuration list for PBXProject "MyMovies" */;
			developmentRegion = en;
			hasScannedForEncodings = 0;
			knownRegions = (
				en,
				Base,
			);
			mainGroup = 665BF1852DB631CA00911965;
			minimizedProjectReferenceProxies = 1;
			preferredProjectObjectVersion = 77;
			productRefGroup = 665BF18F2DB631CA00911965 /* Products */;
			projectDirPath = "";
			projectRoot = "";
			targets = (
				665BF18D2DB631CA00911965 /* MyMovies */,
				665BF19D2DB631CB00911965 /* MyMoviesTests */,
				665BF1A72DB631CB00911965 /* MyMoviesUITests */,
			);
		};
/* End PBXProject section */

/* Begin PBXResourcesBuildPhase section */
		665BF18C2DB631CA00911965 /* Resources */ = {
			isa = PBXResourcesBuildPhase;
			buildActionMask = 2147483647;
			files = (
			);
			runOnlyForDeploymentPostprocessing = 0;
		};
		665BF19C2DB631CB00911965 /* Resources */ = {
			isa = PBXResourcesBuildPhase;
			buildActionMask = 2147483647;
			files = (
			);
			runOnlyForDeploymentPostprocessing = 0;
		};
		665BF1A62DB631CB00911965 /* Resources */ = {
			isa = PBXResourcesBuildPhase;
			buildActionMask = 2147483647;
			files = (
			);
			runOnlyForDeploymentPostprocessing = 0;
		};
/* End PBXResourcesBuildPhase section */

/* Begin PBXSourcesBuildPhase section */
		665BF18A2DB631CA00911965 /* Sources */ = {
			isa = PBXSourcesBuildPhase;
			buildActionMask = 2147483647;
			files = (
			);
			runOnlyForDeploymentPostprocessing = 0;
		};
		665BF19A2DB631CB00911965 /* Sources */ = {
			isa = PBXSourcesBuildPhase;
			buildActionMask = 2147483647;
			files = (
			);
			runOnlyForDeploymentPostprocessing = 0;
		};
		665BF1A42DB631CB00911965 /* Sources */ = {
			isa = PBXSourcesBuildPhase;
			buildActionMask = 2147483647;
			files = (
			);
			runOnlyForDeploymentPostprocessing = 0;
		};
/* End PBXSourcesBuildPhase section */

/* Begin PBXTargetDependency section */
		665BF1A02DB631CB00911965 /* PBXTargetDependency */ = {
			isa = PBXTargetDependency;
			target = 665BF18D2DB631CA00911965 /* MyMovies */;
			targetProxy = 665BF19F2DB631CB00911965 /* PBXContainerItemProxy */;
		};
		665BF1AA2DB631CB00911965 /* PBXTargetDependency */ = {
			isa = PBXTargetDependency;
			target = 665BF18D2DB631CA00911965 /* MyMovies */;
			targetProxy = 665BF1A92DB631CB00911965 /* PBXContainerItemProxy */;
		};
/* End PBXTargetDependency section */

/* Begin XCBuildConfiguration section */
		665BF1B02DB631CB00911965 /* Debug */ = {
			isa = XCBuildConfiguration;
			buildSettings = {
				ALWAYS_SEARCH_USER_PATHS = NO;
				ASSETCATALOG_COMPILER_GENERATE_SWIFT_ASSET_SYMBOL_EXTENSIONS = YES;
				CLANG_ANALYZER_NONNULL = YES;
				CLANG_ANALYZER_NUMBER_OBJECT_CONVERSION = YES_AGGRESSIVE;
				CLANG_CXX_LANGUAGE_STANDARD = "gnu++20";
				CLANG_ENABLE_MODULES = YES;
				CLANG_ENABLE_OBJC_ARC = YES;
				CLANG_ENABLE_OBJC_WEAK = YES;
				CLANG_WARN_BLOCK_CAPTURE_AUTORELEASING = YES;
				CLANG_WARN_BOOL_CONVERSION = YES;
				CLANG_WARN_COMMA = YES;
				CLANG_WARN_CONSTANT_CONVERSION = YES;
				CLANG_WARN_DEPRECATED_OBJC_IMPLEMENTATIONS = YES;
				CLANG_WARN_DIRECT_OBJC_ISA_USAGE = YES_ERROR;
				CLANG_WARN_DOCUMENTATION_COMMENTS = YES;
				CLANG_WARN_EMPTY_BODY = YES;
				CLANG_WARN_ENUM_CONVERSION = YES;
				CLANG_WARN_INFINITE_RECURSION = YES;
				CLANG_WARN_INT_CONVERSION = YES;
				CLANG_WARN_NON_LITERAL_NULL_CONVERSION = YES;
				CLANG_WARN_OBJC_IMPLICIT_RETAIN_SELF = YES;
				CLANG_WARN_OBJC_LITERAL_CONVERSION = YES;
				CLANG_WARN_OBJC_ROOT_CLASS = YES_ERROR;
				CLANG_WARN_QUOTED_INCLUDE_IN_FRAMEWORK_HEADER = YES;
				CLANG_WARN_RANGE_LOOP_ANALYSIS = YES;
				CLANG_WARN_STRICT_PROTOTYPES = YES;
				CLANG_WARN_SUSPICIOUS_MOVE = YES;
				CLANG_WARN_UNGUARDED_AVAILABILITY = YES_AGGRESSIVE;
				CLANG_WARN_UNREACHABLE_CODE = YES;
				CLANG_WARN__DUPLICATE_METHOD_MATCH = YES;
				COPY_PHASE_STRIP = NO;
				DEBUG_INFORMATION_FORMAT = dwarf;
				ENABLE_STRICT_OBJC_MSGSEND = YES;
				ENABLE_TESTABILITY = YES;
				ENABLE_USER_SCRIPT_SANDBOXING = YES;
				GCC_C_LANGUAGE_STANDARD = gnu17;
				GCC_DYNAMIC_NO_PIC = NO;
				GCC_NO_COMMON_BLOCKS = YES;
				GCC_OPTIMIZATION_LEVEL = 0;
				GCC_PREPROCESSOR_DEFINITIONS = (
					"DEBUG=1",
					"$(inherited)",
				);
				GCC_WARN_64_TO_32_BIT_CONVERSION = YES;
				GCC_WARN_ABOUT_RETURN_TYPE = YES_ERROR;
				GCC_WARN_UNDECLARED_SELECTOR = YES;
				GCC_WARN_UNINITIALIZED_AUTOS = YES_AGGRESSIVE;
				GCC_WARN_UNUSED_FUNCTION = YES;
				GCC_WARN_UNUSED_VARIABLE = YES;
				IPHONEOS_DEPLOYMENT_TARGET = 18.2;
				LOCALIZATION_PREFERS_STRING_CATALOGS = YES;
				MTL_ENABLE_DEBUG_INFO = INCLUDE_SOURCE;
				MTL_FAST_MATH = YES;
				ONLY_ACTIVE_ARCH = YES;
				SDKROOT = iphoneos;
				SWIFT_ACTIVE_COMPILATION_CONDITIONS = "DEBUG $(inherited)";
				SWIFT_OPTIMIZATION_LEVEL = "-Onone";
			};
			name = Debug;
		};
		665BF1B12DB631CB00911965 /* Release */ = {
			isa = XCBuildConfiguration;
			buildSettings = {
				ALWAYS_SEARCH_USER_PATHS = NO;
				ASSETCATALOG_COMPILER_GENERATE_SWIFT_ASSET_SYMBOL_EXTENSIONS = YES;
				CLANG_ANALYZER_NONNULL = YES;
				CLANG_ANALYZER_NUMBER_OBJECT_CONVERSION = YES_AGGRESSIVE;
				CLANG_CXX_LANGUAGE_STANDARD = "gnu++20";
				CLANG_ENABLE_MODULES = YES;
				CLANG_ENABLE_OBJC_ARC = YES;
				CLANG_ENABLE_OBJC_WEAK = YES;
				CLANG_WARN_BLOCK_CAPTURE_AUTORELEASING = YES;
				CLANG_WARN_BOOL_CONVERSION = YES;
				CLANG_WARN_COMMA = YES;
				CLANG_WARN_CONSTANT_CONVERSION = YES;
				CLANG_WARN_DEPRECATED_OBJC_IMPLEMENTATIONS = YES;
				CLANG_WARN_DIRECT_OBJC_ISA_USAGE = YES_ERROR;
				CLANG_WARN_DOCUMENTATION_COMMENTS = YES;
				CLANG_WARN_EMPTY_BODY = YES;
				CLANG_WARN_ENUM_CONVERSION = YES;
				CLANG_WARN_INFINITE_RECURSION = YES;
				CLANG_WARN_INT_CONVERSION = YES;
				CLANG_WARN_NON_LITERAL_NULL_CONVERSION = YES;
				CLANG_WARN_OBJC_IMPLICIT_RETAIN_SELF = YES;
				CLANG_WARN_OBJC_LITERAL_CONVERSION = YES;
				CLANG_WARN_OBJC_ROOT_CLASS = YES_ERROR;
				CLANG_WARN_QUOTED_INCLUDE_IN_FRAMEWORK_HEADER = YES;
				CLANG_WARN_RANGE_LOOP_ANALYSIS = YES;
				CLANG_WARN_STRICT_PROTOTYPES = YES;
				CLANG_WARN_SUSPICIOUS_MOVE = YES;
				CLANG_WARN_UNGUARDED_AVAILABILITY = YES_AGGRESSIVE;
				CLANG_WARN_UNREACHABLE_CODE = YES;
				CLANG_WARN__DUPLICATE_METHOD_MATCH = YES;
				COPY_PHASE_STRIP = NO;
				DEBUG_INFORMATION_FORMAT = "dwarf-with-dsym";
				ENABLE_NS_ASSERTIONS = NO;
				ENABLE_STRICT_OBJC_MSGSEND = YES;
				ENABLE_USER_SCRIPT_SANDBOXING = YES;
				GCC_C_LANGUAGE_STANDARD = gnu17;
				GCC_NO_COMMON_BLOCKS = YES;
				GCC_WARN_64_TO_32_BIT_CONVERSION = YES;
				GCC_WARN_ABOUT_RETURN_TYPE = YES_ERROR;
				GCC_WARN_UNDECLARED_SELECTOR = YES;
				GCC_WARN_UNINITIALIZED_AUTOS = YES_AGGRESSIVE;
				GCC_WARN_UNUSED_FUNCTION = YES;
				GCC_WARN_UNUSED_VARIABLE = YES;
				IPHONEOS_DEPLOYMENT_TARGET = 18.2;
				LOCALIZATION_PREFERS_STRING_CATALOGS = YES;
				MTL_ENABLE_DEBUG_INFO = NO;
				MTL_FAST_MATH = YES;
				SDKROOT = iphoneos;
				SWIFT_COMPILATION_MODE = wholemodule;
				VALIDATE_PRODUCT = YES;
			};
			name = Release;
		};
		665BF1B32DB631CB00911965 /* Debug */ = {
			isa = XCBuildConfiguration;
			buildSettings = {
				ASSETCATALOG_COMPILER_APPICON_NAME = AppIcon;
				ASSETCATALOG_COMPILER_GLOBAL_ACCENT_COLOR_NAME = AccentColor;
				CODE_SIGN_STYLE = Automatic;
				CURRENT_PROJECT_VERSION = 1;
				DEVELOPMENT_ASSET_PATHS = "\"MyMovies/Preview Content\"";
				ENABLE_PREVIEWS = YES;
				GENERATE_INFOPLIST_FILE = YES;
				INFOPLIST_KEY_UIApplicationSceneManifest_Generation = YES;
				INFOPLIST_KEY_UIApplicationSupportsIndirectInputEvents = YES;
				INFOPLIST_KEY_UILaunchScreen_Generation = YES;
				INFOPLIST_KEY_UISupportedInterfaceOrientations_iPad = "UIInterfaceOrientationPortrait UIInterfaceOrientationPortraitUpsideDown UIInterfaceOrientationLandscapeLeft UIInterfaceOrientationLandscapeRight";
				INFOPLIST_KEY_UISupportedInterfaceOrientations_iPhone = "UIInterfaceOrientationPortrait UIInterfaceOrientationLandscapeLeft UIInterfaceOrientationLandscapeRight";
				LD_RUNPATH_SEARCH_PATHS = (
					"$(inherited)",
					"@executable_path/Frameworks",
				);
				MARKETING_VERSION = 1.0;
				PRODUCT_BUNDLE_IDENTIFIER = com.movies.MyMovies;
				PRODUCT_NAME = "$(TARGET_NAME)";
				SWIFT_EMIT_LOC_STRINGS = YES;
				SWIFT_VERSION = 5.0;
				TARGETED_DEVICE_FAMILY = "1,2";
			};
			name = Debug;
		};
		665BF1B42DB631CB00911965 /* Release */ = {
			isa = XCBuildConfiguration;
			buildSettings = {
				ASSETCATALOG_COMPILER_APPICON_NAME = AppIcon;
				ASSETCATALOG_COMPILER_GLOBAL_ACCENT_COLOR_NAME = AccentColor;
				CODE_SIGN_STYLE = Automatic;
				CURRENT_PROJECT_VERSION = 1;
				DEVELOPMENT_ASSET_PATHS = "\"MyMovies/Preview Content\"";
				ENABLE_PREVIEWS = YES;
				GENERATE_INFOPLIST_FILE = YES;
				INFOPLIST_KEY_UIApplicationSceneManifest_Generation = YES;
				INFOPLIST_KEY_UIApplicationSupportsIndirectInputEvents = YES;
				INFOPLIST_KEY_UILaunchScreen_Generation = YES;
				INFOPLIST_KEY_UISupportedInterfaceOrientations_iPad = "UIInterfaceOrientationPortrait UIInterfaceOrientationPortraitUpsideDown UIInterfaceOrientationLandscapeLeft UIInterfaceOrientationLandscapeRight";
				INFOPLIST_KEY_UISupportedInterfaceOrientations_iPhone = "UIInterfaceOrientationPortrait UIInterfaceOrientationLandscapeLeft UIInterfaceOrientationLandscapeRight";
				LD_RUNPATH_SEARCH_PATHS = (
					"$(inherited)",
					"@executable_path/Frameworks",
				);
				MARKETING_VERSION = 1.0;
				PRODUCT_BUNDLE_IDENTIFIER = com.movies.MyMovies;
				PRODUCT_NAME = "$(TARGET_NAME)";
				SWIFT_EMIT_LOC_STRINGS = YES;
				SWIFT_VERSION = 5.0;
				TARGETED_DEVICE_FAMILY = "1,2";
			};
			name = Release;
		};
		665BF1B62DB631CB00911965 /* Debug */ = {
			isa = XCBuildConfiguration;
			buildSettings = {
				BUNDLE_LOADER = "$(TEST_HOST)";
				CODE_SIGN_STYLE = Automatic;
				CURRENT_PROJECT_VERSION = 1;
				GENERATE_INFOPLIST_FILE = YES;
				IPHONEOS_DEPLOYMENT_TARGET = 18.2;
				MARKETING_VERSION = 1.0;
				PRODUCT_BUNDLE_IDENTIFIER = com.movies.MyMoviesTests;
				PRODUCT_NAME = "$(TARGET_NAME)";
				SWIFT_EMIT_LOC_STRINGS = NO;
				SWIFT_VERSION = 5.0;
				TARGETED_DEVICE_FAMILY = "1,2";
				TEST_HOST = "$(BUILT_PRODUCTS_DIR)/MyMovies.app/$(BUNDLE_EXECUTABLE_FOLDER_PATH)/MyMovies";
			};
			name = Debug;
		};
		665BF1B72DB631CB00911965 /* Release */ = {
			isa = XCBuildConfiguration;
			buildSettings = {
				BUNDLE_LOADER = "$(TEST_HOST)";
				CODE_SIGN_STYLE = Automatic;
				CURRENT_PROJECT_VERSION = 1;
				GENERATE_INFOPLIST_FILE = YES;
				IPHONEOS_DEPLOYMENT_TARGET = 18.2;
				MARKETING_VERSION = 1.0;
				PRODUCT_BUNDLE_IDENTIFIER = com.movies.MyMoviesTests;
				PRODUCT_NAME = "$(TARGET_NAME)";
				SWIFT_EMIT_LOC_STRINGS = NO;
				SWIFT_VERSION = 5.0;
				TARGETED_DEVICE_FAMILY = "1,2";
				TEST_HOST = "$(BUILT_PRODUCTS_DIR)/MyMovies.app/$(BUNDLE_EXECUTABLE_FOLDER_PATH)/MyMovies";
			};
			name = Release;
		};
		665BF1B92DB631CB00911965 /* Debug */ = {
			isa = XCBuildConfiguration;
			buildSettings = {
				CODE_SIGN_STYLE = Automatic;
				CURRENT_PROJECT_VERSION = 1;
				GENERATE_INFOPLIST_FILE = YES;
				MARKETING_VERSION = 1.0;
				PRODUCT_BUNDLE_IDENTIFIER = com.movies.MyMoviesUITests;
				PRODUCT_NAME = "$(TARGET_NAME)";
				SWIFT_EMIT_LOC_STRINGS = NO;
				SWIFT_VERSION = 5.0;
				TARGETED_DEVICE_FAMILY = "1,2";
				TEST_TARGET_NAME = MyMovies;
			};
			name = Debug;
		};
		665BF1BA2DB631CB00911965 /* Release */ = {
			isa = XCBuildConfiguration;
			buildSettings = {
				CODE_SIGN_STYLE = Automatic;
				CURRENT_PROJECT_VERSION = 1;
				GENERATE_INFOPLIST_FILE = YES;
				MARKETING_VERSION = 1.0;
				PRODUCT_BUNDLE_IDENTIFIER = com.movies.MyMoviesUITests;
				PRODUCT_NAME = "$(TARGET_NAME)";
				SWIFT_EMIT_LOC_STRINGS = NO;
				SWIFT_VERSION = 5.0;
				TARGETED_DEVICE_FAMILY = "1,2";
				TEST_TARGET_NAME = MyMovies;
			};
			name = Release;
		};
/* End XCBuildConfiguration section */

/* Begin XCConfigurationList section */
		665BF1892DB631CA00911965 /* Build configuration list for PBXProject "MyMovies" */ = {
			isa = XCConfigurationList;
			buildConfigurations = (
				665BF1B02DB631CB00911965 /* Debug */,
				665BF1B12DB631CB00911965 /* Release */,
			);
			defaultConfigurationIsVisible = 0;
			defaultConfigurationName = Release;
		};
		665BF1B22DB631CB00911965 /* Build configuration list for PBXNativeTarget "MyMovies" */ = {
			isa = XCConfigurationList;
			buildConfigurations = (
				665BF1B32DB631CB00911965 /* Debug */,
				665BF1B42DB631CB00911965 /* Release */,
			);
			defaultConfigurationIsVisible = 0;
			defaultConfigurationName = Release;
		};
		665BF1B52DB631CB00911965 /* Build configuration list for PBXNativeTarget "MyMoviesTests" */ = {
			isa = XCConfigurationList;
			buildConfigurations = (
				665BF1B62DB631CB00911965 /* Debug */,
				665BF1B72DB631CB00911965 /* Release */,
			);
			defaultConfigurationIsVisible = 0;
			defaultConfigurationName = Release;
		};
		665BF1B82DB631CB00911965 /* Build configuration list for PBXNativeTarget "MyMoviesUITests" */ = {
			isa = XCConfigurationList;
			buildConfigurations = (
				665BF1B92DB631CB00911965 /* Debug */,
				665BF1BA2DB631CB00911965 /* Release */,
			);
			defaultConfigurationIsVisible = 0;
			defaultConfigurationName = Release;
		};
/* End XCConfigurationList section */
	};
	rootObject = 665BF1862DB631CA00911965 /* Project object */;
}
